// !$*UTF8*$!
{
	archiveVersion = 1;
	classes = {
	};
	objectVersion = 50;
	objects = {

/* Begin PBXBuildFile section */
		1A9FCB0721B27F1600A124B6 /* AppDelegate.swift in Sources */ = {isa = PBXBuildFile; fileRef = 1A9FCB0621B27F1600A124B6 /* AppDelegate.swift */; };
		1A9FCB0921B27F1600A124B6 /* ViewController.swift in Sources */ = {isa = PBXBuildFile; fileRef = 1A9FCB0821B27F1600A124B6 /* ViewController.swift */; };
		1A9FCB0C21B27F1600A124B6 /* Main.storyboard in Resources */ = {isa = PBXBuildFile; fileRef = 1A9FCB0A21B27F1600A124B6 /* Main.storyboard */; };
		1A9FCB0E21B27F1600A124B6 /* Assets.xcassets in Resources */ = {isa = PBXBuildFile; fileRef = 1A9FCB0D21B27F1600A124B6 /* Assets.xcassets */; };
		1A9FCB1121B27F1600A124B6 /* LaunchScreen.storyboard in Resources */ = {isa = PBXBuildFile; fileRef = 1A9FCB0F21B27F1600A124B6 /* LaunchScreen.storyboard */; };
		1A9FCB1C21B27F1600A124B6 /* IRNotesTests.swift in Sources */ = {isa = PBXBuildFile; fileRef = 1A9FCB1B21B27F1600A124B6 /* IRNotesTests.swift */; };
		1A9FCB2721B27F1600A124B6 /* IRNotesUITests.swift in Sources */ = {isa = PBXBuildFile; fileRef = 1A9FCB2621B27F1600A124B6 /* IRNotesUITests.swift */; };
		1A9FCB3D21B2803C00A124B6 /* IRCoreDataManager.swift in Sources */ = {isa = PBXBuildFile; fileRef = 1A9FCB3C21B2803C00A124B6 /* IRCoreDataManager.swift */; };
		1A9FCB4021B2805600A124B6 /* IRNotes.xcdatamodeld in Sources */ = {isa = PBXBuildFile; fileRef = 1A9FCB3E21B2805600A124B6 /* IRNotes.xcdatamodeld */; };
		1A9FCB4221B3172500A124B6 /* AddIRNotesViewController.swift in Sources */ = {isa = PBXBuildFile; fileRef = 1A9FCB4121B3172500A124B6 /* AddIRNotesViewController.swift */; };
		1A9FCB4521B31F0000A124B6 /* UIViewController.swift in Sources */ = {isa = PBXBuildFile; fileRef = 1A9FCB4421B31F0000A124B6 /* UIViewController.swift */; };
		1A9FCB4821B3C6FE00A124B6 /* NotesTableViewCell.swift in Sources */ = {isa = PBXBuildFile; fileRef = 1A9FCB4721B3C6FE00A124B6 /* NotesTableViewCell.swift */; };
		1A9FCB4A21B423EE00A124B6 /* IRNote.swift in Sources */ = {isa = PBXBuildFile; fileRef = 1A9FCB4921B423EE00A124B6 /* IRNote.swift */; };
		1A9FCB4E21B42AA300A124B6 /* EditViewController.swift in Sources */ = {isa = PBXBuildFile; fileRef = 1A9FCB4C21B4298400A124B6 /* EditViewController.swift */; };
/* End PBXBuildFile section */

/* Begin PBXContainerItemProxy section */
		1A9FCB1821B27F1600A124B6 /* PBXContainerItemProxy */ = {
			isa = PBXContainerItemProxy;
			containerPortal = 1A9FCAFB21B27F1600A124B6 /* Project object */;
			proxyType = 1;
			remoteGlobalIDString = 1A9FCB0221B27F1600A124B6;
			remoteInfo = IRNotes;
		};
		1A9FCB2321B27F1600A124B6 /* PBXContainerItemProxy */ = {
			isa = PBXContainerItemProxy;
			containerPortal = 1A9FCAFB21B27F1600A124B6 /* Project object */;
			proxyType = 1;
			remoteGlobalIDString = 1A9FCB0221B27F1600A124B6;
			remoteInfo = IRNotes;
		};
/* End PBXContainerItemProxy section */

/* Begin PBXFileReference section */
		1A9FCB0321B27F1600A124B6 /* IRNotes.app */ = {isa = PBXFileReference; explicitFileType = wrapper.application; includeInIndex = 0; path = IRNotes.app; sourceTree = BUILT_PRODUCTS_DIR; };
		1A9FCB0621B27F1600A124B6 /* AppDelegate.swift */ = {isa = PBXFileReference; lastKnownFileType = sourcecode.swift; path = AppDelegate.swift; sourceTree = "<group>"; };
		1A9FCB0821B27F1600A124B6 /* ViewController.swift */ = {isa = PBXFileReference; lastKnownFileType = sourcecode.swift; path = ViewController.swift; sourceTree = "<group>"; };
		1A9FCB0B21B27F1600A124B6 /* Base */ = {isa = PBXFileReference; lastKnownFileType = file.storyboard; name = Base; path = Base.lproj/Main.storyboard; sourceTree = "<group>"; };
		1A9FCB0D21B27F1600A124B6 /* Assets.xcassets */ = {isa = PBXFileReference; lastKnownFileType = folder.assetcatalog; path = Assets.xcassets; sourceTree = "<group>"; };
		1A9FCB1021B27F1600A124B6 /* Base */ = {isa = PBXFileReference; lastKnownFileType = file.storyboard; name = Base; path = Base.lproj/LaunchScreen.storyboard; sourceTree = "<group>"; };
		1A9FCB1221B27F1600A124B6 /* Info.plist */ = {isa = PBXFileReference; lastKnownFileType = text.plist.xml; path = Info.plist; sourceTree = "<group>"; };
		1A9FCB1721B27F1600A124B6 /* IRNotesTests.xctest */ = {isa = PBXFileReference; explicitFileType = wrapper.cfbundle; includeInIndex = 0; path = IRNotesTests.xctest; sourceTree = BUILT_PRODUCTS_DIR; };
		1A9FCB1B21B27F1600A124B6 /* IRNotesTests.swift */ = {isa = PBXFileReference; lastKnownFileType = sourcecode.swift; path = IRNotesTests.swift; sourceTree = "<group>"; };
		1A9FCB1D21B27F1600A124B6 /* Info.plist */ = {isa = PBXFileReference; lastKnownFileType = text.plist.xml; path = Info.plist; sourceTree = "<group>"; };
		1A9FCB2221B27F1600A124B6 /* IRNotesUITests.xctest */ = {isa = PBXFileReference; explicitFileType = wrapper.cfbundle; includeInIndex = 0; path = IRNotesUITests.xctest; sourceTree = BUILT_PRODUCTS_DIR; };
		1A9FCB2621B27F1600A124B6 /* IRNotesUITests.swift */ = {isa = PBXFileReference; lastKnownFileType = sourcecode.swift; path = IRNotesUITests.swift; sourceTree = "<group>"; };
		1A9FCB2821B27F1600A124B6 /* Info.plist */ = {isa = PBXFileReference; lastKnownFileType = text.plist.xml; path = Info.plist; sourceTree = "<group>"; };
		1A9FCB3C21B2803C00A124B6 /* IRCoreDataManager.swift */ = {isa = PBXFileReference; fileEncoding = 4; lastKnownFileType = sourcecode.swift; path = IRCoreDataManager.swift; sourceTree = "<group>"; };
		1A9FCB3F21B2805600A124B6 /* IRNotes.xcdatamodel */ = {isa = PBXFileReference; lastKnownFileType = wrapper.xcdatamodel; path = IRNotes.xcdatamodel; sourceTree = "<group>"; };
		1A9FCB4121B3172500A124B6 /* AddIRNotesViewController.swift */ = {isa = PBXFileReference; lastKnownFileType = sourcecode.swift; path = AddIRNotesViewController.swift; sourceTree = "<group>"; };
		1A9FCB4421B31F0000A124B6 /* UIViewController.swift */ = {isa = PBXFileReference; lastKnownFileType = sourcecode.swift; path = UIViewController.swift; sourceTree = "<group>"; };
		1A9FCB4721B3C6FE00A124B6 /* NotesTableViewCell.swift */ = {isa = PBXFileReference; lastKnownFileType = sourcecode.swift; path = NotesTableViewCell.swift; sourceTree = "<group>"; };
		1A9FCB4921B423EE00A124B6 /* IRNote.swift */ = {isa = PBXFileReference; lastKnownFileType = sourcecode.swift; path = IRNote.swift; sourceTree = "<group>"; };
		1A9FCB4C21B4298400A124B6 /* EditViewController.swift */ = {isa = PBXFileReference; lastKnownFileType = sourcecode.swift; path = EditViewController.swift; sourceTree = "<group>"; };
/* End PBXFileReference section */

/* Begin PBXFrameworksBuildPhase section */
		1A9FCB0021B27F1600A124B6 /* Frameworks */ = {
			isa = PBXFrameworksBuildPhase;
			buildActionMask = 2147483647;
			files = (
			);
			runOnlyForDeploymentPostprocessing = 0;
		};
		1A9FCB1421B27F1600A124B6 /* Frameworks */ = {
			isa = PBXFrameworksBuildPhase;
			buildActionMask = 2147483647;
			files = (
			);
			runOnlyForDeploymentPostprocessing = 0;
		};
		1A9FCB1F21B27F1600A124B6 /* Frameworks */ = {
			isa = PBXFrameworksBuildPhase;
			buildActionMask = 2147483647;
			files = (
			);
			runOnlyForDeploymentPostprocessing = 0;
		};
/* End PBXFrameworksBuildPhase section */

/* Begin PBXGroup section */
		1A9FCAFA21B27F1600A124B6 = {
			isa = PBXGroup;
			children = (
				1A9FCB0521B27F1600A124B6 /* IRNotes */,
				1A9FCB1A21B27F1600A124B6 /* IRNotesTests */,
				1A9FCB2521B27F1600A124B6 /* IRNotesUITests */,
				1A9FCB0421B27F1600A124B6 /* Products */,
			);
			sourceTree = "<group>";
		};
		1A9FCB0421B27F1600A124B6 /* Products */ = {
			isa = PBXGroup;
			children = (
				1A9FCB0321B27F1600A124B6 /* IRNotes.app */,
				1A9FCB1721B27F1600A124B6 /* IRNotesTests.xctest */,
				1A9FCB2221B27F1600A124B6 /* IRNotesUITests.xctest */,
			);
			name = Products;
			sourceTree = "<group>";
		};
		1A9FCB0521B27F1600A124B6 /* IRNotes */ = {
			isa = PBXGroup;
			children = (
				1A9FCB4621B3C6D700A124B6 /* TableViewCells */,
				1A9FCB4321B31ED200A124B6 /* Extensions */,
				1A9FCB3B21B2802200A124B6 /* Core Data */,
				1A9FCB3A21B2800D00A124B6 /* Managers */,
				1A9FCB3621B27F2E00A124B6 /* App Delegates */,
				1A9FCB3421B27F2100A124B6 /* View Controllers */,
				1A9FCB3721B27F3100A124B6 /* Storyboards */,
				1A9FCB3821B27F3600A124B6 /* Resources */,
				1A9FCB3921B27F3900A124B6 /* Supporting Files */,
			);
			path = IRNotes;
			sourceTree = "<group>";
		};
		1A9FCB1A21B27F1600A124B6 /* IRNotesTests */ = {
			isa = PBXGroup;
			children = (
				1A9FCB1B21B27F1600A124B6 /* IRNotesTests.swift */,
				1A9FCB1D21B27F1600A124B6 /* Info.plist */,
			);
			path = IRNotesTests;
			sourceTree = "<group>";
		};
		1A9FCB2521B27F1600A124B6 /* IRNotesUITests */ = {
			isa = PBXGroup;
			children = (
				1A9FCB2621B27F1600A124B6 /* IRNotesUITests.swift */,
				1A9FCB2821B27F1600A124B6 /* Info.plist */,
			);
			path = IRNotesUITests;
			sourceTree = "<group>";
		};
		1A9FCB3421B27F2100A124B6 /* View Controllers */ = {
			isa = PBXGroup;
			children = (
				1A9FCB3521B27F2600A124B6 /* Root View Controller */,
			);
			path = "View Controllers";
			sourceTree = "<group>";
		};
		1A9FCB3521B27F2600A124B6 /* Root View Controller */ = {
			isa = PBXGroup;
			children = (
				1A9FCB0821B27F1600A124B6 /* ViewController.swift */,
				1A9FCB4121B3172500A124B6 /* AddIRNotesViewController.swift */,
				1A9FCB4C21B4298400A124B6 /* EditViewController.swift */,
			);
			path = "Root View Controller";
			sourceTree = "<group>";
		};
		1A9FCB3621B27F2E00A124B6 /* App Delegates */ = {
			isa = PBXGroup;
			children = (
				1A9FCB0621B27F1600A124B6 /* AppDelegate.swift */,
			);
			path = "App Delegates";
			sourceTree = "<group>";
		};
		1A9FCB3721B27F3100A124B6 /* Storyboards */ = {
			isa = PBXGroup;
			children = (
				1A9FCB0A21B27F1600A124B6 /* Main.storyboard */,
				1A9FCB0F21B27F1600A124B6 /* LaunchScreen.storyboard */,
			);
			path = Storyboards;
			sourceTree = "<group>";
		};
		1A9FCB3821B27F3600A124B6 /* Resources */ = {
			isa = PBXGroup;
			children = (
				1A9FCB0D21B27F1600A124B6 /* Assets.xcassets */,
			);
			path = Resources;
			sourceTree = "<group>";
		};
		1A9FCB3921B27F3900A124B6 /* Supporting Files */ = {
			isa = PBXGroup;
			children = (
				1A9FCB1221B27F1600A124B6 /* Info.plist */,
			);
			path = "Supporting Files";
			sourceTree = "<group>";
		};
		1A9FCB3A21B2800D00A124B6 /* Managers */ = {
			isa = PBXGroup;
			children = (
				1A9FCB3C21B2803C00A124B6 /* IRCoreDataManager.swift */,
			);
			path = Managers;
			sourceTree = "<group>";
		};
		1A9FCB3B21B2802200A124B6 /* Core Data */ = {
			isa = PBXGroup;
			children = (
				1A9FCB4B21B4240600A124B6 /* Extensions */,
				1A9FCB3E21B2805600A124B6 /* IRNotes.xcdatamodeld */,
			);
			path = "Core Data";
			sourceTree = "<group>";
		};
		1A9FCB4321B31ED200A124B6 /* Extensions */ = {
			isa = PBXGroup;
			children = (
				1A9FCB4421B31F0000A124B6 /* UIViewController.swift */,
			);
			path = Extensions;
			sourceTree = "<group>";
		};
		1A9FCB4621B3C6D700A124B6 /* TableViewCells */ = {
			isa = PBXGroup;
			children = (
				1A9FCB4721B3C6FE00A124B6 /* NotesTableViewCell.swift */,
			);
			path = TableViewCells;
			sourceTree = "<group>";
		};
		1A9FCB4B21B4240600A124B6 /* Extensions */ = {
			isa = PBXGroup;
			children = (
				1A9FCB4921B423EE00A124B6 /* IRNote.swift */,
			);
			path = Extensions;
			sourceTree = "<group>";
		};
/* End PBXGroup section */

/* Begin PBXNativeTarget section */
		1A9FCB0221B27F1600A124B6 /* IRNotes */ = {
			isa = PBXNativeTarget;
			buildConfigurationList = 1A9FCB2B21B27F1600A124B6 /* Build configuration list for PBXNativeTarget "IRNotes" */;
			buildPhases = (
				1A9FCAFF21B27F1600A124B6 /* Sources */,
				1A9FCB0021B27F1600A124B6 /* Frameworks */,
				1A9FCB0121B27F1600A124B6 /* Resources */,
			);
			buildRules = (
			);
			dependencies = (
			);
			name = IRNotes;
			productName = IRNotes;
			productReference = 1A9FCB0321B27F1600A124B6 /* IRNotes.app */;
			productType = "com.apple.product-type.application";
		};
		1A9FCB1621B27F1600A124B6 /* IRNotesTests */ = {
			isa = PBXNativeTarget;
			buildConfigurationList = 1A9FCB2E21B27F1600A124B6 /* Build configuration list for PBXNativeTarget "IRNotesTests" */;
			buildPhases = (
				1A9FCB1321B27F1600A124B6 /* Sources */,
				1A9FCB1421B27F1600A124B6 /* Frameworks */,
				1A9FCB1521B27F1600A124B6 /* Resources */,
			);
			buildRules = (
			);
			dependencies = (
				1A9FCB1921B27F1600A124B6 /* PBXTargetDependency */,
			);
			name = IRNotesTests;
			productName = IRNotesTests;
			productReference = 1A9FCB1721B27F1600A124B6 /* IRNotesTests.xctest */;
			productType = "com.apple.product-type.bundle.unit-test";
		};
		1A9FCB2121B27F1600A124B6 /* IRNotesUITests */ = {
			isa = PBXNativeTarget;
			buildConfigurationList = 1A9FCB3121B27F1600A124B6 /* Build configuration list for PBXNativeTarget "IRNotesUITests" */;
			buildPhases = (
				1A9FCB1E21B27F1600A124B6 /* Sources */,
				1A9FCB1F21B27F1600A124B6 /* Frameworks */,
				1A9FCB2021B27F1600A124B6 /* Resources */,
			);
			buildRules = (
			);
			dependencies = (
				1A9FCB2421B27F1600A124B6 /* PBXTargetDependency */,
			);
			name = IRNotesUITests;
			productName = IRNotesUITests;
			productReference = 1A9FCB2221B27F1600A124B6 /* IRNotesUITests.xctest */;
			productType = "com.apple.product-type.bundle.ui-testing";
		};
/* End PBXNativeTarget section */

/* Begin PBXProject section */
		1A9FCAFB21B27F1600A124B6 /* Project object */ = {
			isa = PBXProject;
			attributes = {
				LastSwiftUpdateCheck = 1010;
				LastUpgradeCheck = 1010;
				ORGANIZATIONNAME = "Raj Shekhar";
				TargetAttributes = {
					1A9FCB0221B27F1600A124B6 = {
						CreatedOnToolsVersion = 10.1;
					};
					1A9FCB1621B27F1600A124B6 = {
						CreatedOnToolsVersion = 10.1;
						TestTargetID = 1A9FCB0221B27F1600A124B6;
					};
					1A9FCB2121B27F1600A124B6 = {
						CreatedOnToolsVersion = 10.1;
						TestTargetID = 1A9FCB0221B27F1600A124B6;
					};
				};
			};
			buildConfigurationList = 1A9FCAFE21B27F1600A124B6 /* Build configuration list for PBXProject "IRNotes" */;
			compatibilityVersion = "Xcode 9.3";
			developmentRegion = en;
			hasScannedForEncodings = 0;
			knownRegions = (
				en,
				Base,
			);
			mainGroup = 1A9FCAFA21B27F1600A124B6;
			productRefGroup = 1A9FCB0421B27F1600A124B6 /* Products */;
			projectDirPath = "";
			projectRoot = "";
			targets = (
				1A9FCB0221B27F1600A124B6 /* IRNotes */,
				1A9FCB1621B27F1600A124B6 /* IRNotesTests */,
				1A9FCB2121B27F1600A124B6 /* IRNotesUITests */,
			);
		};
/* End PBXProject section */

/* Begin PBXResourcesBuildPhase section */
		1A9FCB0121B27F1600A124B6 /* Resources */ = {
			isa = PBXResourcesBuildPhase;
			buildActionMask = 2147483647;
			files = (
				1A9FCB1121B27F1600A124B6 /* LaunchScreen.storyboard in Resources */,
				1A9FCB0E21B27F1600A124B6 /* Assets.xcassets in Resources */,
				1A9FCB0C21B27F1600A124B6 /* Main.storyboard in Resources */,
			);
			runOnlyForDeploymentPostprocessing = 0;
		};
		1A9FCB1521B27F1600A124B6 /* Resources */ = {
			isa = PBXResourcesBuildPhase;
			buildActionMask = 2147483647;
			files = (
			);
			runOnlyForDeploymentPostprocessing = 0;
		};
		1A9FCB2021B27F1600A124B6 /* Resources */ = {
			isa = PBXResourcesBuildPhase;
			buildActionMask = 2147483647;
			files = (
			);
			runOnlyForDeploymentPostprocessing = 0;
		};
/* End PBXResourcesBuildPhase section */

/* Begin PBXSourcesBuildPhase section */
		1A9FCAFF21B27F1600A124B6 /* Sources */ = {
			isa = PBXSourcesBuildPhase;
			buildActionMask = 2147483647;
			files = (
				1A9FCB4E21B42AA300A124B6 /* EditViewController.swift in Sources */,
				1A9FCB4A21B423EE00A124B6 /* IRNote.swift in Sources */,
				1A9FCB4021B2805600A124B6 /* IRNotes.xcdatamodeld in Sources */,
				1A9FCB0921B27F1600A124B6 /* ViewController.swift in Sources */,
				1A9FCB3D21B2803C00A124B6 /* IRCoreDataManager.swift in Sources */,
				1A9FCB4221B3172500A124B6 /* AddIRNotesViewController.swift in Sources */,
				1A9FCB0721B27F1600A124B6 /* AppDelegate.swift in Sources */,
				1A9FCB4821B3C6FE00A124B6 /* NotesTableViewCell.swift in Sources */,
				1A9FCB4521B31F0000A124B6 /* UIViewController.swift in Sources */,
			);
			runOnlyForDeploymentPostprocessing = 0;
		};
		1A9FCB1321B27F1600A124B6 /* Sources */ = {
			isa = PBXSourcesBuildPhase;
			buildActionMask = 2147483647;
			files = (
				1A9FCB1C21B27F1600A124B6 /* IRNotesTests.swift in Sources */,
			);
			runOnlyForDeploymentPostprocessing = 0;
		};
		1A9FCB1E21B27F1600A124B6 /* Sources */ = {
			isa = PBXSourcesBuildPhase;
			buildActionMask = 2147483647;
			files = (
				1A9FCB2721B27F1600A124B6 /* IRNotesUITests.swift in Sources */,
			);
			runOnlyForDeploymentPostprocessing = 0;
		};
/* End PBXSourcesBuildPhase section */

/* Begin PBXTargetDependency section */
		1A9FCB1921B27F1600A124B6 /* PBXTargetDependency */ = {
			isa = PBXTargetDependency;
			target = 1A9FCB0221B27F1600A124B6 /* IRNotes */;
			targetProxy = 1A9FCB1821B27F1600A124B6 /* PBXContainerItemProxy */;
		};
		1A9FCB2421B27F1600A124B6 /* PBXTargetDependency */ = {
			isa = PBXTargetDependency;
			target = 1A9FCB0221B27F1600A124B6 /* IRNotes */;
			targetProxy = 1A9FCB2321B27F1600A124B6 /* PBXContainerItemProxy */;
		};
/* End PBXTargetDependency section */

/* Begin PBXVariantGroup section */
		1A9FCB0A21B27F1600A124B6 /* Main.storyboard */ = {
			isa = PBXVariantGroup;
			children = (
				1A9FCB0B21B27F1600A124B6 /* Base */,
			);
			name = Main.storyboard;
			sourceTree = "<group>";
		};
		1A9FCB0F21B27F1600A124B6 /* LaunchScreen.storyboard */ = {
			isa = PBXVariantGroup;
			children = (
				1A9FCB1021B27F1600A124B6 /* Base */,
			);
			name = LaunchScreen.storyboard;
			sourceTree = "<group>";
		};
/* End PBXVariantGroup section */

/* Begin XCBuildConfiguration section */
		1A9FCB2921B27F1600A124B6 /* Debug */ = {
			isa = XCBuildConfiguration;
			buildSettings = {
				ALWAYS_SEARCH_USER_PATHS = NO;
				CLANG_ANALYZER_NONNULL = YES;
				CLANG_ANALYZER_NUMBER_OBJECT_CONVERSION = YES_AGGRESSIVE;
				CLANG_CXX_LANGUAGE_STANDARD = "gnu++14";
				CLANG_CXX_LIBRARY = "libc++";
				CLANG_ENABLE_MODULES = YES;
				CLANG_ENABLE_OBJC_ARC = YES;
				CLANG_ENABLE_OBJC_WEAK = YES;
				CLANG_WARN_BLOCK_CAPTURE_AUTORELEASING = YES;
				CLANG_WARN_BOOL_CONVERSION = YES;
				CLANG_WARN_COMMA = YES;
				CLANG_WARN_CONSTANT_CONVERSION = YES;
				CLANG_WARN_DEPRECATED_OBJC_IMPLEMENTATIONS = YES;
				CLANG_WARN_DIRECT_OBJC_ISA_USAGE = YES_ERROR;
				CLANG_WARN_DOCUMENTATION_COMMENTS = YES;
				CLANG_WARN_EMPTY_BODY = YES;
				CLANG_WARN_ENUM_CONVERSION = YES;
				CLANG_WARN_INFINITE_RECURSION = YES;
				CLANG_WARN_INT_CONVERSION = YES;
				CLANG_WARN_NON_LITERAL_NULL_CONVERSION = YES;
				CLANG_WARN_OBJC_IMPLICIT_RETAIN_SELF = YES;
				CLANG_WARN_OBJC_LITERAL_CONVERSION = YES;
				CLANG_WARN_OBJC_ROOT_CLASS = YES_ERROR;
				CLANG_WARN_RANGE_LOOP_ANALYSIS = YES;
				CLANG_WARN_STRICT_PROTOTYPES = YES;
				CLANG_WARN_SUSPICIOUS_MOVE = YES;
				CLANG_WARN_UNGUARDED_AVAILABILITY = YES_AGGRESSIVE;
				CLANG_WARN_UNREACHABLE_CODE = YES;
				CLANG_WARN__DUPLICATE_METHOD_MATCH = YES;
				CODE_SIGN_IDENTITY = "iPhone Developer";
				COPY_PHASE_STRIP = NO;
				DEBUG_INFORMATION_FORMAT = dwarf;
				ENABLE_STRICT_OBJC_MSGSEND = YES;
				ENABLE_TESTABILITY = YES;
				GCC_C_LANGUAGE_STANDARD = gnu11;
				GCC_DYNAMIC_NO_PIC = NO;
				GCC_NO_COMMON_BLOCKS = YES;
				GCC_OPTIMIZATION_LEVEL = 0;
				GCC_PREPROCESSOR_DEFINITIONS = (
					"DEBUG=1",
					"$(inherited)",
				);
				GCC_WARN_64_TO_32_BIT_CONVERSION = YES;
				GCC_WARN_ABOUT_RETURN_TYPE = YES_ERROR;
				GCC_WARN_UNDECLARED_SELECTOR = YES;
				GCC_WARN_UNINITIALIZED_AUTOS = YES_AGGRESSIVE;
				GCC_WARN_UNUSED_FUNCTION = YES;
				GCC_WARN_UNUSED_VARIABLE = YES;
				IPHONEOS_DEPLOYMENT_TARGET = 12.1;
				MTL_ENABLE_DEBUG_INFO = INCLUDE_SOURCE;
				MTL_FAST_MATH = YES;
				ONLY_ACTIVE_ARCH = YES;
				SDKROOT = iphoneos;
				SWIFT_ACTIVE_COMPILATION_CONDITIONS = DEBUG;
				SWIFT_OPTIMIZATION_LEVEL = "-Onone";
			};
			name = Debug;
		};
		1A9FCB2A21B27F1600A124B6 /* Release */ = {
			isa = XCBuildConfiguration;
			buildSettings = {
				ALWAYS_SEARCH_USER_PATHS = NO;
				CLANG_ANALYZER_NONNULL = YES;
				CLANG_ANALYZER_NUMBER_OBJECT_CONVERSION = YES_AGGRESSIVE;
				CLANG_CXX_LANGUAGE_STANDARD = "gnu++14";
				CLANG_CXX_LIBRARY = "libc++";
				CLANG_ENABLE_MODULES = YES;
				CLANG_ENABLE_OBJC_ARC = YES;
				CLANG_ENABLE_OBJC_WEAK = YES;
				CLANG_WARN_BLOCK_CAPTURE_AUTORELEASING = YES;
				CLANG_WARN_BOOL_CONVERSION = YES;
				CLANG_WARN_COMMA = YES;
				CLANG_WARN_CONSTANT_CONVERSION = YES;
				CLANG_WARN_DEPRECATED_OBJC_IMPLEMENTATIONS = YES;
				CLANG_WARN_DIRECT_OBJC_ISA_USAGE = YES_ERROR;
				CLANG_WARN_DOCUMENTATION_COMMENTS = YES;
				CLANG_WARN_EMPTY_BODY = YES;
				CLANG_WARN_ENUM_CONVERSION = YES;
				CLANG_WARN_INFINITE_RECURSION = YES;
				CLANG_WARN_INT_CONVERSION = YES;
				CLANG_WARN_NON_LITERAL_NULL_CONVERSION = YES;
				CLANG_WARN_OBJC_IMPLICIT_RETAIN_SELF = YES;
				CLANG_WARN_OBJC_LITERAL_CONVERSION = YES;
				CLANG_WARN_OBJC_ROOT_CLASS = YES_ERROR;
				CLANG_WARN_RANGE_LOOP_ANALYSIS = YES;
				CLANG_WARN_STRICT_PROTOTYPES = YES;
				CLANG_WARN_SUSPICIOUS_MOVE = YES;
				CLANG_WARN_UNGUARDED_AVAILABILITY = YES_AGGRESSIVE;
				CLANG_WARN_UNREACHABLE_CODE = YES;
				CLANG_WARN__DUPLICATE_METHOD_MATCH = YES;
				CODE_SIGN_IDENTITY = "iPhone Developer";
				COPY_PHASE_STRIP = NO;
				DEBUG_INFORMATION_FORMAT = "dwarf-with-dsym";
				ENABLE_NS_ASSERTIONS = NO;
				ENABLE_STRICT_OBJC_MSGSEND = YES;
				GCC_C_LANGUAGE_STANDARD = gnu11;
				GCC_NO_COMMON_BLOCKS = YES;
				GCC_WARN_64_TO_32_BIT_CONVERSION = YES;
				GCC_WARN_ABOUT_RETURN_TYPE = YES_ERROR;
				GCC_WARN_UNDECLARED_SELECTOR = YES;
				GCC_WARN_UNINITIALIZED_AUTOS = YES_AGGRESSIVE;
				GCC_WARN_UNUSED_FUNCTION = YES;
				GCC_WARN_UNUSED_VARIABLE = YES;
				IPHONEOS_DEPLOYMENT_TARGET = 12.1;
				MTL_ENABLE_DEBUG_INFO = NO;
				MTL_FAST_MATH = YES;
				SDKROOT = iphoneos;
				SWIFT_COMPILATION_MODE = wholemodule;
				SWIFT_OPTIMIZATION_LEVEL = "-O";
				VALIDATE_PRODUCT = YES;
			};
			name = Release;
		};
		1A9FCB2C21B27F1600A124B6 /* Debug */ = {
			isa = XCBuildConfiguration;
			buildSettings = {
				ASSETCATALOG_COMPILER_APPICON_NAME = AppIcon;
				CODE_SIGN_STYLE = Automatic;
				INFOPLIST_FILE = "IRNotes/Supporting Files/Info.plist";
				LD_RUNPATH_SEARCH_PATHS = (
					"$(inherited)",
					"@executable_path/Frameworks",
				);
				PRODUCT_BUNDLE_IDENTIFIER = com.Raj.IRNotes;
				PRODUCT_NAME = "$(TARGET_NAME)";
				SWIFT_VERSION = 4.2;
				TARGETED_DEVICE_FAMILY = "1,2";
			};
			name = Debug;
		};
		1A9FCB2D21B27F1600A124B6 /* Release */ = {
			isa = XCBuildConfiguration;
			buildSettings = {
				ASSETCATALOG_COMPILER_APPICON_NAME = AppIcon;
				CODE_SIGN_STYLE = Automatic;
				INFOPLIST_FILE = "IRNotes/Supporting Files/Info.plist";
				LD_RUNPATH_SEARCH_PATHS = (
					"$(inherited)",
					"@executable_path/Frameworks",
				);
				PRODUCT_BUNDLE_IDENTIFIER = com.Raj.IRNotes;
				PRODUCT_NAME = "$(TARGET_NAME)";
				SWIFT_VERSION = 4.2;
				TARGETED_DEVICE_FAMILY = "1,2";
			};
			name = Release;
		};
		1A9FCB2F21B27F1600A124B6 /* Debug */ = {
			isa = XCBuildConfiguration;
			buildSettings = {
				ALWAYS_EMBED_SWIFT_STANDARD_LIBRARIES = YES;
				BUNDLE_LOADER = "$(TEST_HOST)";
				CODE_SIGN_STYLE = Automatic;
				INFOPLIST_FILE = IRNotesTests/Info.plist;
				LD_RUNPATH_SEARCH_PATHS = (
					"$(inherited)",
					"@executable_path/Frameworks",
					"@loader_path/Frameworks",
				);
				PRODUCT_BUNDLE_IDENTIFIER = com.Raj.IRNotesTests;
				PRODUCT_NAME = "$(TARGET_NAME)";
				SWIFT_VERSION = 4.2;
				TARGETED_DEVICE_FAMILY = "1,2";
				TEST_HOST = "$(BUILT_PRODUCTS_DIR)/IRNotes.app/IRNotes";
			};
			name = Debug;
		};
		1A9FCB3021B27F1600A124B6 /* Release */ = {
			isa = XCBuildConfiguration;
			buildSettings = {
				ALWAYS_EMBED_SWIFT_STANDARD_LIBRARIES = YES;
				BUNDLE_LOADER = "$(TEST_HOST)";
				CODE_SIGN_STYLE = Automatic;
				INFOPLIST_FILE = IRNotesTests/Info.plist;
				LD_RUNPATH_SEARCH_PATHS = (
					"$(inherited)",
					"@executable_path/Frameworks",
					"@loader_path/Frameworks",
				);
				PRODUCT_BUNDLE_IDENTIFIER = com.Raj.IRNotesTests;
				PRODUCT_NAME = "$(TARGET_NAME)";
				SWIFT_VERSION = 4.2;
				TARGETED_DEVICE_FAMILY = "1,2";
				TEST_HOST = "$(BUILT_PRODUCTS_DIR)/IRNotes.app/IRNotes";
			};
			name = Release;
		};
		1A9FCB3221B27F1600A124B6 /* Debug */ = {
			isa = XCBuildConfiguration;
			buildSettings = {
				ALWAYS_EMBED_SWIFT_STANDARD_LIBRARIES = YES;
				CODE_SIGN_STYLE = Automatic;
				INFOPLIST_FILE = IRNotesUITests/Info.plist;
				LD_RUNPATH_SEARCH_PATHS = (
					"$(inherited)",
					"@executable_path/Frameworks",
					"@loader_path/Frameworks",
				);
				PRODUCT_BUNDLE_IDENTIFIER = com.Raj.IRNotesUITests;
				PRODUCT_NAME = "$(TARGET_NAME)";
				SWIFT_VERSION = 4.2;
				TARGETED_DEVICE_FAMILY = "1,2";
				TEST_TARGET_NAME = IRNotes;
			};
			name = Debug;
		};
		1A9FCB3321B27F1600A124B6 /* Release */ = {
			isa = XCBuildConfiguration;
			buildSettings = {
				ALWAYS_EMBED_SWIFT_STANDARD_LIBRARIES = YES;
				CODE_SIGN_STYLE = Automatic;
				INFOPLIST_FILE = IRNotesUITests/Info.plist;
				LD_RUNPATH_SEARCH_PATHS = (
					"$(inherited)",
					"@executable_path/Frameworks",
					"@loader_path/Frameworks",
				);
				PRODUCT_BUNDLE_IDENTIFIER = com.Raj.IRNotesUITests;
				PRODUCT_NAME = "$(TARGET_NAME)";
				SWIFT_VERSION = 4.2;
				TARGETED_DEVICE_FAMILY = "1,2";
				TEST_TARGET_NAME = IRNotes;
			};
			name = Release;
		};
/* End XCBuildConfiguration section */

/* Begin XCConfigurationList section */
		1A9FCAFE21B27F1600A124B6 /* Build configuration list for PBXProject "IRNotes" */ = {
			isa = XCConfigurationList;
			buildConfigurations = (
				1A9FCB2921B27F1600A124B6 /* Debug */,
				1A9FCB2A21B27F1600A124B6 /* Release */,
			);
			defaultConfigurationIsVisible = 0;
			defaultConfigurationName = Release;
		};
		1A9FCB2B21B27F1600A124B6 /* Build configuration list for PBXNativeTarget "IRNotes" */ = {
			isa = XCConfigurationList;
			buildConfigurations = (
				1A9FCB2C21B27F1600A124B6 /* Debug */,
				1A9FCB2D21B27F1600A124B6 /* Release */,
			);
			defaultConfigurationIsVisible = 0;
			defaultConfigurationName = Release;
		};
		1A9FCB2E21B27F1600A124B6 /* Build configuration list for PBXNativeTarget "IRNotesTests" */ = {
			isa = XCConfigurationList;
			buildConfigurations = (
				1A9FCB2F21B27F1600A124B6 /* Debug */,
				1A9FCB3021B27F1600A124B6 /* Release */,
			);
			defaultConfigurationIsVisible = 0;
			defaultConfigurationName = Release;
		};
		1A9FCB3121B27F1600A124B6 /* Build configuration list for PBXNativeTarget "IRNotesUITests" */ = {
			isa = XCConfigurationList;
			buildConfigurations = (
				1A9FCB3221B27F1600A124B6 /* Debug */,
				1A9FCB3321B27F1600A124B6 /* Release */,
			);
			defaultConfigurationIsVisible = 0;
			defaultConfigurationName = Release;
		};
/* End XCConfigurationList section */

/* Begin XCVersionGroup section */
		1A9FCB3E21B2805600A124B6 /* IRNotes.xcdatamodeld */ = {
			isa = XCVersionGroup;
			children = (
				1A9FCB3F21B2805600A124B6 /* IRNotes.xcdatamodel */,
			);
			currentVersion = 1A9FCB3F21B2805600A124B6 /* IRNotes.xcdatamodel */;
			path = IRNotes.xcdatamodeld;
			sourceTree = "<group>";
			versionGroupType = wrapper.xcdatamodel;
		};
/* End XCVersionGroup section */
	};
	rootObject = 1A9FCAFB21B27F1600A124B6 /* Project object */;
}
